<?xml version="1.0" encoding="UTF-8" standalone="yes" ?>
<CodeBlocks_project_file>
	<FileVersion major="1" minor="6" />
	<Project>
		<Option title="WDXTagLib" />
		<Option platforms="Windows;" />
		<Option pch_mode="2" />
		<Option compiler="gcc" />
		<Build>
			<Target title="Debug">
				<Option platforms="Windows;" />
				<Option output="WDXTagLib.wdx" prefix_auto="1" extension_auto="0" />
				<Option object_output="obj\Debug\" />
				<Option type="3" />
				<Option compiler="gcc" />
				<Option host_application="TOTALCMD.EXE" />
				<Compiler>
					<Add option="-Wall" />
					<Add option="-DBUILD_DLL" />
					<Add option="-g" />
				</Compiler>
				<Linker>
					<Add library="user32" />
				</Linker>
			</Target>
			<Target title="Release">
				<Option platforms="Windows;" />
				<Option output="WDXTagLib.wdx" prefix_auto="1" extension_auto="0" />
				<Option object_output="obj\Release\" />
				<Option type="3" />
				<Option compiler="gcc" />
				<Compiler>
					<Add option="-O2" />
					<Add option="-Wall" />
					<Add option="-DBUILD_DLL" />
				</Compiler>
				<Linker>
					<Add option="-s" />
					<Add library="user32" />
				</Linker>
				<ExtraCommands>
					<Add before='SubWCRev.exe &quot;$(PROJECTDIR).&quot; &quot;$(PROJECTDIR)VerInfo.rc.template&quot; &quot;$(PROJECTDIR)VerInfo.rc&quot;' />
				</ExtraCommands>
			</Target>
		</Build>
		<Compiler>
			<Add option="-DUNICODE_NO" />
			<Add option="-D_UNICODE_NO" />
			<Add directory="..\externals\taglib\taglib" />
			<Add directory="..\externals\taglib\taglib\ape" />
			<Add directory="..\externals\taglib\taglib\flac" />
			<Add directory="..\externals\taglib\taglib\mpc" />
			<Add directory="..\externals\taglib\taglib\mpeg" />
			<Add directory="..\externals\taglib\taglib\mpeg\id3v1" />
			<Add directory="..\externals\taglib\taglib\mpeg\id3v2" />
			<Add directory="..\externals\taglib\taglib\ogg" />
			<Add directory="..\externals\taglib\taglib\ogg\flac" />
			<Add directory="..\externals\taglib\taglib\ogg\speex" />
			<Add directory="..\externals\taglib\taglib\ogg\vorbis" />
			<Add directory="..\externals\taglib\taglib\toolkit" />
			<Add directory="..\externals\taglib\taglib\trueaudio" />
			<Add directory="..\externals\taglib\taglib\wavpack" />
		</Compiler>
		<Linker>
			<Add option="-Wl,--kill-at" />
			<Add library="..\lib\libtag.dll.a" />
		</Linker>
		<Unit filename="..\doc\read_before_install.txt" />
		<Unit filename="..\doc\readme.txt" />
		<Unit filename="CUtils.cpp" />
		<Unit filename="CUtils.h" />
		<Unit filename="CWDXBase.cpp" />
		<Unit filename="CWDXBase.h" />
		<Unit filename="CWDXTagLib.cpp" />
		<Unit filename="CWDXTagLib.h" />
		<Unit filename="CustomTypes.h" />
		<Unit filename="VerInfo.rc">
			<Option compilerVar="WINDRES" />
			<Option target="Release" />
		</Unit>
		<Unit filename="VerInfo.rc.template" />
		<Unit filename="contentplug.h" />
		<Unit filename="main.cpp" />
		<Unit filename="main.h" />
		<Extensions>
			<code_completion />
			<envvars />
			<debugger />
			<lib_finder disable_auto="1" />
		</Extensions>
	</Project>
</CodeBlocks_project_file>
